{
    "_meta": {
        "hash": {
            "sha256": "e6f2065b40ce85f96d7b3b125fececf70b1475e70d6d29d61d40427fca17d69e"
        },
        "pipfile-spec": 6,
        "requires": {
            "python_version": "3.13"
        },
        "sources": [
            {
                "name": "pypi",
                "url": "https://pypi.org/simple",
                "verify_ssl": true
            }
        ]
    },
    "default": {
        "bcrypt": {
            "hashes": [
                "sha256:041fa0155c9004eb98a232d54da05c0b41d4b8e66b6fc3cb71b4b3f6144ba837",
                "sha256:04e56e3fe8308a88b77e0afd20bec516f74aecf391cdd6e374f15cbed32783d6",
                "sha256:1340411a0894b7d3ef562fb233e4b6ed58add185228650942bdc885362f32c17",
                "sha256:533e7f3bcf2f07caee7ad98124fab7499cb3333ba2274f7a36cf1daee7409d99",
                "sha256:6765386e3ab87f569b276988742039baab087b2cdb01e809d74e74503c2faafe",
                "sha256:687cf30e6681eeda39548a93ce9bfbb300e48b4d445a43db4298d2474d2a1e54",
                "sha256:76132c176a6d9953cdc83c296aeaed65e1a708485fd55abf163e0d9f8f16ce0e",
                "sha256:76d3e352b32f4eeb34703370e370997065d28a561e4a18afe4fef07249cb4396",
                "sha256:807261df60a8b1ccd13e6599c779014a362ae4e795f5c59747f60208daddd96d",
                "sha256:89df2aea2c43be1e1fa066df5f86c8ce822ab70a30e4c210968669565c0f4685",
                "sha256:8ad2f4528cbf0febe80e5a3a57d7a74e6635e41af1ea5675282a33d769fba413",
                "sha256:8c458cd103e6c5d1d85cf600e546a639f234964d0228909d8f8dbeebff82d526",
                "sha256:8dbd0747208912b1e4ce730c6725cb56c07ac734b3629b60d4398f082ea718ad",
                "sha256:909faa1027900f2252a9ca5dfebd25fc0ef1417943824783d1c8418dd7d6df4a",
                "sha256:aaa2e285be097050dba798d537b6efd9b698aa88eef52ec98d23dcd6d7cf6fea",
                "sha256:adadd36274510a01f33e6dc08f5824b97c9580583bd4487c564fc4617b328005",
                "sha256:b1ee315739bc8387aa36ff127afc99120ee452924e0df517a8f3e4c0187a0f5f",
                "sha256:b588af02b89d9fad33e5f98f7838bf590d6d692df7153647724a7f20c186f6bf",
                "sha256:b7703ede632dc945ed1172d6f24e9f30f27b1b1a067f32f68bf169c5f08d0425",
                "sha256:c6f5fa3775966cca251848d4d5393ab016b3afed251163c1436fefdec3b02c84",
                "sha256:cde78d385d5e93ece5479a0a87f73cd6fa26b171c786a884f955e165032b262c",
                "sha256:cfdf3d7530c790432046c40cda41dfee8c83e29482e6a604f8930b9930e94139",
                "sha256:e158009a54c4c8bc91d5e0da80920d048f918c61a581f0a63e4e93bb556d362f",
                "sha256:e84e0e6f8e40a242b11bce56c313edc2be121cec3e0ec2d76fce01f6af33c07c",
                "sha256:f85b1ffa09240c89aa2e1ae9f3b1c687104f7b2b9d2098da4e923f1b7082d331"
            ],
            "index": "pypi",
            "markers": "python_version >= '3.7'",
            "version": "==4.2.1"
        },
        "boto3": {
            "hashes": [
                "sha256:586bfa72a00601c04067f9adcbb08ecaf63b05b7d731103f33cb2ce0d6950b1b",
                "sha256:94ca07328474db3fa605eb99b011512caa73f7161740d365a1f00cfebfb6dd90"
            ],
            "index": "pypi",
            "markers": "python_version >= '3.8'",
            "version": "==1.37.34"
        },
        "botocore": {
            "hashes": [
                "sha256:2909b6dbf9c90347c71a6fa0364acee522d6a7664f13d6f7996c9dd1b1f46fac",
                "sha256:bd9af0db1097befd2028ba8525e32cacc04f26ccb9dbd5d48d6ecd05bc16c27a"
            ],
            "markers": "python_version >= '3.8'",
            "version": "==1.37.34"
        },
        "jmespath": {
            "hashes": [
                "sha256:02e2e4cc71b5bcab88332eebf907519190dd9e6e82107fa7f83b1003a6252980",
                "sha256:90261b206d6defd58fdd5e85f478bf633a2901798906be2ad389150c5c60edbe"
            ],
            "markers": "python_version >= '3.7'",
            "version": "==1.0.1"
        },
        "python-dateutil": {
            "hashes": [
                "sha256:37dd54208da7e1cd875388217d5e00ebd4179249f90fb72437e91a35459a0ad3",
                "sha256:a8b2bc7bffae282281c8140a97d3aa9c14da0b136dfe83f850eea9a5f7470427"
            ],
            "markers": "python_version >= '2.7' and python_version not in '3.0, 3.1, 3.2'",
            "version": "==2.9.0.post0"
        },
        "s3transfer": {
            "hashes": [
                "sha256:559f161658e1cf0a911f45940552c696735f5c74e64362e515f333ebed87d679",
                "sha256:ac265fa68318763a03bf2dc4f39d5cbd6a9e178d81cc9483ad27da33637e320d"
            ],
            "markers": "python_version >= '3.8'",
            "version": "==0.11.4"
        },
        "six": {
            "hashes": [
                "sha256:4721f391ed90541fddacab5acf947aa0d3dc7d27b2e1e8eda2be8970586c3274",
                "sha256:ff70335d468e7eb6ec65b95b99d3a2836546063f63acc5171de367e834932a81"
            ],
            "markers": "python_version >= '2.7' and python_version not in '3.0, 3.1, 3.2'",
            "version": "==1.17.0"
        },
        "src": {
            "editable": true,
            "path": "./src"
        },
        "urllib3": {
            "hashes": [
                "sha256:414bc6535b787febd7567804cc015fee39daab8ad86268f1310a9250697de466",
                "sha256:4e16665048960a0900c702d4a66415956a584919c03361cac9f1df5c5dd7e813"
            ],
            "markers": "python_version >= '3.9'",
            "version": "==2.4.0"
        }
    },
    "develop": {}
}
